
Microsoft Visual Studio Solution File, Format Version 12.00
# Visual Studio Version 17
VisualStudioVersion = 17.11.35222.181
MinimumVisualStudioVersion = 10.0.40219.1
Project("{FAE04EC0-301F-11D3-BF4B-00C04F79EFBC}") = "1. feladat", "1. feladat\1. feladat.csproj", "{C243DF1E-4136-48AD-ADD9-1C0F88B588CC}"
EndProject
Project("{FAE04EC0-301F-11D3-BF4B-00C04F79EFBC}") = "2. feladat", "2. feladat\2. feladat.csproj", "{0D303A92-703E-471B-B27E-604100CD001A}"
EndProject
Project("{FAE04EC0-301F-11D3-BF4B-00C04F79EFBC}") = "3. feladat", "3. feladat\3. feladat.csproj", "{E45CCD3B-63D1-4544-903A-886FEAF4836B}"
EndProject
Project("{FAE04EC0-301F-11D3-BF4B-00C04F79EFBC}") = "4. feladat", "4. feladat\4. feladat.csproj", "{FDAFACF0-66B8-4C66-8141-D6F156EEB6C0}"
EndProject
Project("{FAE04EC0-301F-11D3-BF4B-00C04F79EFBC}") = "5. feladat", "5. feladat\5. feladat.csproj", "{1EFC601D-69A0-4764-B6D4-DA6382F7ECE2}"
EndProject
Project("{FAE04EC0-301F-11D3-BF4B-00C04F79EFBC}") = "6. feladat", "6. feladat\6. feladat.csproj", "{C009C5AD-A2B9-4039-AEAA-190D894947DE}"
EndProject
Project("{FAE04EC0-301F-11D3-BF4B-00C04F79EFBC}") = "7. feladat", "7. feladat\7. feladat.csproj", "{EC7DB75A-FDB1-400A-A331-36D9BFADDA1C}"
EndProject
Project("{FAE04EC0-301F-11D3-BF4B-00C04F79EFBC}") = "8. feladat", "8. feladat\8. feladat.csproj", "{0DC20B4A-89C5-4B2E-9719-D5A4C94CF820}"
EndProject
Project("{FAE04EC0-301F-11D3-BF4B-00C04F79EFBC}") = "9. feladat", "9. feladat\9. feladat.csproj", "{518A4547-7F32-4298-9306-B3E63B915599}"
EndProject
Project("{FAE04EC0-301F-11D3-BF4B-00C04F79EFBC}") = "10. feladat", "10. feladat\10. feladat.csproj", "{EF7BB167-3B97-43D8-BAE6-5BCC52B4CD04}"
EndProject
Global
	GlobalSection(SolutionConfigurationPlatforms) = preSolution
		Debug|Any CPU = Debug|Any CPU
		Release|Any CPU = Release|Any CPU
	EndGlobalSection
	GlobalSection(ProjectConfigurationPlatforms) = postSolution
		{C243DF1E-4136-48AD-ADD9-1C0F88B588CC}.Debug|Any CPU.ActiveCfg = Debug|Any CPU
		{C243DF1E-4136-48AD-ADD9-1C0F88B588CC}.Debug|Any CPU.Build.0 = Debug|Any CPU
		{C243DF1E-4136-48AD-ADD9-1C0F88B588CC}.Release|Any CPU.ActiveCfg = Release|Any CPU
		{C243DF1E-4136-48AD-ADD9-1C0F88B588CC}.Release|Any CPU.Build.0 = Release|Any CPU
		{0D303A92-703E-471B-B27E-604100CD001A}.Debug|Any CPU.ActiveCfg = Debug|Any CPU
		{0D303A92-703E-471B-B27E-604100CD001A}.Debug|Any CPU.Build.0 = Debug|Any CPU
		{0D303A92-703E-471B-B27E-604100CD001A}.Release|Any CPU.ActiveCfg = Release|Any CPU
		{0D303A92-703E-471B-B27E-604100CD001A}.Release|Any CPU.Build.0 = Release|Any CPU
		{E45CCD3B-63D1-4544-903A-886FEAF4836B}.Debug|Any CPU.ActiveCfg = Debug|Any CPU
		{E45CCD3B-63D1-4544-903A-886FEAF4836B}.Debug|Any CPU.Build.0 = Debug|Any CPU
		{E45CCD3B-63D1-4544-903A-886FEAF4836B}.Release|Any CPU.ActiveCfg = Release|Any CPU
		{E45CCD3B-63D1-4544-903A-886FEAF4836B}.Release|Any CPU.Build.0 = Release|Any CPU
		{FDAFACF0-66B8-4C66-8141-D6F156EEB6C0}.Debug|Any CPU.ActiveCfg = Debug|Any CPU
		{FDAFACF0-66B8-4C66-8141-D6F156EEB6C0}.Debug|Any CPU.Build.0 = Debug|Any CPU
		{FDAFACF0-66B8-4C66-8141-D6F156EEB6C0}.Release|Any CPU.ActiveCfg = Release|Any CPU
		{FDAFACF0-66B8-4C66-8141-D6F156EEB6C0}.Release|Any CPU.Build.0 = Release|Any CPU
		{1EFC601D-69A0-4764-B6D4-DA6382F7ECE2}.Debug|Any CPU.ActiveCfg = Debug|Any CPU
		{1EFC601D-69A0-4764-B6D4-DA6382F7ECE2}.Debug|Any CPU.Build.0 = Debug|Any CPU
		{1EFC601D-69A0-4764-B6D4-DA6382F7ECE2}.Release|Any CPU.ActiveCfg = Release|Any CPU
		{1EFC601D-69A0-4764-B6D4-DA6382F7ECE2}.Release|Any CPU.Build.0 = Release|Any CPU
		{C009C5AD-A2B9-4039-AEAA-190D894947DE}.Debug|Any CPU.ActiveCfg = Debug|Any CPU
		{C009C5AD-A2B9-4039-AEAA-190D894947DE}.Debug|Any CPU.Build.0 = Debug|Any CPU
		{C009C5AD-A2B9-4039-AEAA-190D894947DE}.Release|Any CPU.ActiveCfg = Release|Any CPU
		{C009C5AD-A2B9-4039-AEAA-190D894947DE}.Release|Any CPU.Build.0 = Release|Any CPU
		{EC7DB75A-FDB1-400A-A331-36D9BFADDA1C}.Debug|Any CPU.ActiveCfg = Debug|Any CPU
		{EC7DB75A-FDB1-400A-A331-36D9BFADDA1C}.Debug|Any CPU.Build.0 = Debug|Any CPU
		{EC7DB75A-FDB1-400A-A331-36D9BFADDA1C}.Release|Any CPU.ActiveCfg = Release|Any CPU
		{EC7DB75A-FDB1-400A-A331-36D9BFADDA1C}.Release|Any CPU.Build.0 = Release|Any CPU
		{0DC20B4A-89C5-4B2E-9719-D5A4C94CF820}.Debug|Any CPU.ActiveCfg = Debug|Any CPU
		{0DC20B4A-89C5-4B2E-9719-D5A4C94CF820}.Debug|Any CPU.Build.0 = Debug|Any CPU
		{0DC20B4A-89C5-4B2E-9719-D5A4C94CF820}.Release|Any CPU.ActiveCfg = Release|Any CPU
		{0DC20B4A-89C5-4B2E-9719-D5A4C94CF820}.Release|Any CPU.Build.0 = Release|Any CPU
		{518A4547-7F32-4298-9306-B3E63B915599}.Debug|Any CPU.ActiveCfg = Debug|Any CPU
		{518A4547-7F32-4298-9306-B3E63B915599}.Debug|Any CPU.Build.0 = Debug|Any CPU
		{518A4547-7F32-4298-9306-B3E63B915599}.Release|Any CPU.ActiveCfg = Release|Any CPU
		{518A4547-7F32-4298-9306-B3E63B915599}.Release|Any CPU.Build.0 = Release|Any CPU
		{EF7BB167-3B97-43D8-BAE6-5BCC52B4CD04}.Debug|Any CPU.ActiveCfg = Debug|Any CPU
		{EF7BB167-3B97-43D8-BAE6-5BCC52B4CD04}.Debug|Any CPU.Build.0 = Debug|Any CPU
		{EF7BB167-3B97-43D8-BAE6-5BCC52B4CD04}.Release|Any CPU.ActiveCfg = Release|Any CPU
		{EF7BB167-3B97-43D8-BAE6-5BCC52B4CD04}.Release|Any CPU.Build.0 = Release|Any CPU
	EndGlobalSection
	GlobalSection(SolutionProperties) = preSolution
		HideSolutionNode = FALSE
	EndGlobalSection
	GlobalSection(ExtensibilityGlobals) = postSolution
		SolutionGuid = {E77292AC-C6C3-435C-A542-FE7BD4366E76}
	EndGlobalSection
EndGlobal
