
Microsoft Visual Studio Solution File, Format Version 12.00
# Visual Studio Version 17
VisualStudioVersion = 17.11.35222.181
MinimumVisualStudioVersion = 10.0.40219.1
Project("{FAE04EC0-301F-11D3-BF4B-00C04F79EFBC}") = "paaswordhash", "paaswordhash\paaswordhash.csproj", "{84464452-A5D3-47DC-A974-21CCD8E59F15}"
EndProject
Global
	GlobalSection(SolutionConfigurationPlatforms) = preSolution
		Debug|Any CPU = Debug|Any CPU
		Release|Any CPU = Release|Any CPU
	EndGlobalSection
	GlobalSection(ProjectConfigurationPlatforms) = postSolution
		{84464452-A5D3-47DC-A974-21CCD8E59F15}.Debug|Any CPU.ActiveCfg = Debug|Any CPU
		{84464452-A5D3-47DC-A974-21CCD8E59F15}.Debug|Any CPU.Build.0 = Debug|Any CPU
		{84464452-A5D3-47DC-A974-21CCD8E59F15}.Release|Any CPU.ActiveCfg = Release|Any CPU
		{84464452-A5D3-47DC-A974-21CCD8E59F15}.Release|Any CPU.Build.0 = Release|Any CPU
	EndGlobalSection
	GlobalSection(SolutionProperties) = preSolution
		HideSolutionNode = FALSE
	EndGlobalSection
	GlobalSection(ExtensibilityGlobals) = postSolution
		SolutionGuid = {CBDCC0FA-63A1-4B46-A792-0E0646755514}
	EndGlobalSection
EndGlobal
